
Microsoft Visual Studio Solution File, Format Version 12.00
# Visual Studio Version 17
VisualStudioVersion = 17.4.33205.214
MinimumVisualStudioVersion = 10.0.40219.1
Project("{9A19103F-16F7-4668-BE54-9A1E7A4F7556}") = "TaxiDispacher", "TaxiDispacher.csproj", "{EDAE8FF6-C208-4D74-AD76-69EDB295AD28}"
EndProject
Project("{00D1A9C2-B5F0-4AF3-8072-F6C62B433612}") = "DispatcherDB", "..\DispatcherDB\DispatcherDB.sqlproj", "{20CD6423-F42E-43C6-A717-720B48DDBCFE}"
EndProject
Project("{9A19103F-16F7-4668-BE54-9A1E7A4F7556}") = "DataAccess", "..\DataAccess\DataAccess.csproj", "{9C831287-2A06-4260-8F46-603974CD9CE5}"
EndProject
Project("{9A19103F-16F7-4668-BE54-9A1E7A4F7556}") = "ConsoleUI", "..\ConsoleUI\ConsoleUI.csproj", "{103F79FC-7ABC-4973-A003-5C9CBFC77F93}"
EndProject
Project("{FAE04EC0-301F-11D3-BF4B-00C04F79EFBC}") = "AutoTesting", "..\AutoTesting\AutoTesting.csproj", "{DB96429B-AB95-4394-9900-3AEEFA15C0ED}"
EndProject
Global
	GlobalSection(SolutionConfigurationPlatforms) = preSolution
		Debug|Any CPU = Debug|Any CPU
		Release|Any CPU = Release|Any CPU
	EndGlobalSection
	GlobalSection(ProjectConfigurationPlatforms) = postSolution
		{EDAE8FF6-C208-4D74-AD76-69EDB295AD28}.Debug|Any CPU.ActiveCfg = Debug|Any CPU
		{EDAE8FF6-C208-4D74-AD76-69EDB295AD28}.Debug|Any CPU.Build.0 = Debug|Any CPU
		{EDAE8FF6-C208-4D74-AD76-69EDB295AD28}.Release|Any CPU.ActiveCfg = Release|Any CPU
		{EDAE8FF6-C208-4D74-AD76-69EDB295AD28}.Release|Any CPU.Build.0 = Release|Any CPU
		{20CD6423-F42E-43C6-A717-720B48DDBCFE}.Debug|Any CPU.ActiveCfg = Debug|Any CPU
		{20CD6423-F42E-43C6-A717-720B48DDBCFE}.Debug|Any CPU.Build.0 = Debug|Any CPU
		{20CD6423-F42E-43C6-A717-720B48DDBCFE}.Debug|Any CPU.Deploy.0 = Debug|Any CPU
		{20CD6423-F42E-43C6-A717-720B48DDBCFE}.Release|Any CPU.ActiveCfg = Release|Any CPU
		{20CD6423-F42E-43C6-A717-720B48DDBCFE}.Release|Any CPU.Build.0 = Release|Any CPU
		{20CD6423-F42E-43C6-A717-720B48DDBCFE}.Release|Any CPU.Deploy.0 = Release|Any CPU
		{9C831287-2A06-4260-8F46-603974CD9CE5}.Debug|Any CPU.ActiveCfg = Debug|Any CPU
		{9C831287-2A06-4260-8F46-603974CD9CE5}.Debug|Any CPU.Build.0 = Debug|Any CPU
		{9C831287-2A06-4260-8F46-603974CD9CE5}.Release|Any CPU.ActiveCfg = Release|Any CPU
		{9C831287-2A06-4260-8F46-603974CD9CE5}.Release|Any CPU.Build.0 = Release|Any CPU
		{103F79FC-7ABC-4973-A003-5C9CBFC77F93}.Debug|Any CPU.ActiveCfg = Debug|Any CPU
		{103F79FC-7ABC-4973-A003-5C9CBFC77F93}.Debug|Any CPU.Build.0 = Debug|Any CPU
		{103F79FC-7ABC-4973-A003-5C9CBFC77F93}.Release|Any CPU.ActiveCfg = Release|Any CPU
		{103F79FC-7ABC-4973-A003-5C9CBFC77F93}.Release|Any CPU.Build.0 = Release|Any CPU
		{DB96429B-AB95-4394-9900-3AEEFA15C0ED}.Debug|Any CPU.ActiveCfg = Debug|Any CPU
		{DB96429B-AB95-4394-9900-3AEEFA15C0ED}.Debug|Any CPU.Build.0 = Debug|Any CPU
		{DB96429B-AB95-4394-9900-3AEEFA15C0ED}.Release|Any CPU.ActiveCfg = Release|Any CPU
		{DB96429B-AB95-4394-9900-3AEEFA15C0ED}.Release|Any CPU.Build.0 = Release|Any CPU
	EndGlobalSection
	GlobalSection(SolutionProperties) = preSolution
		HideSolutionNode = FALSE
	EndGlobalSection
	GlobalSection(ExtensibilityGlobals) = postSolution
		SolutionGuid = {6A0D88BC-D374-440A-AEBF-1BF2950BDBC2}
	EndGlobalSection
EndGlobal
